
Microsoft Visual Studio Solution File, Format Version 12.00
# Visual Studio Version 17
VisualStudioVersion = 17.3.32901.215
MinimumVisualStudioVersion = 10.0.40219.1
Project("{8BC9CEB8-8B4A-11D0-8D11-00A0C91BC942}") = "ws4", "ws4.vcxproj", "{8F21B199-6119-4EC7-9DBC-A3C3DDEBFD18}"
EndProject
Global
	GlobalSection(SolutionConfigurationPlatforms) = preSolution
		Debug|x64 = Debug|x64
		Debug|x86 = Debug|x86
		Release|x64 = Release|x64
		Release|x86 = Release|x86
	EndGlobalSection
	GlobalSection(ProjectConfigurationPlatforms) = postSolution
		{8F21B199-6119-4EC7-9DBC-A3C3DDEBFD18}.Debug|x64.ActiveCfg = Debug|x64
		{8F21B199-6119-4EC7-9DBC-A3C3DDEBFD18}.Debug|x64.Build.0 = Debug|x64
		{8F21B199-6119-4EC7-9DBC-A3C3DDEBFD18}.Debug|x86.ActiveCfg = Debug|Win32
		{8F21B199-6119-4EC7-9DBC-A3C3DDEBFD18}.Debug|x86.Build.0 = Debug|Win32
		{8F21B199-6119-4EC7-9DBC-A3C3DDEBFD18}.Release|x64.ActiveCfg = Release|x64
		{8F21B199-6119-4EC7-9DBC-A3C3DDEBFD18}.Release|x64.Build.0 = Release|x64
		{8F21B199-6119-4EC7-9DBC-A3C3DDEBFD18}.Release|x86.ActiveCfg = Release|Win32
		{8F21B199-6119-4EC7-9DBC-A3C3DDEBFD18}.Release|x86.Build.0 = Release|Win32
	EndGlobalSection
	GlobalSection(SolutionProperties) = preSolution
		HideSolutionNode = FALSE
	EndGlobalSection
	GlobalSection(ExtensibilityGlobals) = postSolution
		SolutionGuid = {D4E04CFC-909F-4D7B-BB8C-436DFD421742}
	EndGlobalSection
EndGlobal
