
Microsoft Visual Studio Solution File, Format Version 12.00
# Visual Studio Version 17
VisualStudioVersion = 17.3.32901.215
MinimumVisualStudioVersion = 10.0.40219.1
Project("{8BC9CEB8-8B4A-11D0-8D11-00A0C91BC942}") = "ws8", "ws8.vcxproj", "{2D00BD71-85B6-4DD5-BE9B-7549C47B1C6F}"
EndProject
Global
	GlobalSection(SolutionConfigurationPlatforms) = preSolution
		Debug|x64 = Debug|x64
		Debug|x86 = Debug|x86
		Release|x64 = Release|x64
		Release|x86 = Release|x86
	EndGlobalSection
	GlobalSection(ProjectConfigurationPlatforms) = postSolution
		{2D00BD71-85B6-4DD5-BE9B-7549C47B1C6F}.Debug|x64.ActiveCfg = Debug|x64
		{2D00BD71-85B6-4DD5-BE9B-7549C47B1C6F}.Debug|x64.Build.0 = Debug|x64
		{2D00BD71-85B6-4DD5-BE9B-7549C47B1C6F}.Debug|x86.ActiveCfg = Debug|Win32
		{2D00BD71-85B6-4DD5-BE9B-7549C47B1C6F}.Debug|x86.Build.0 = Debug|Win32
		{2D00BD71-85B6-4DD5-BE9B-7549C47B1C6F}.Release|x64.ActiveCfg = Release|x64
		{2D00BD71-85B6-4DD5-BE9B-7549C47B1C6F}.Release|x64.Build.0 = Release|x64
		{2D00BD71-85B6-4DD5-BE9B-7549C47B1C6F}.Release|x86.ActiveCfg = Release|Win32
		{2D00BD71-85B6-4DD5-BE9B-7549C47B1C6F}.Release|x86.Build.0 = Release|Win32
	EndGlobalSection
	GlobalSection(SolutionProperties) = preSolution
		HideSolutionNode = FALSE
	EndGlobalSection
	GlobalSection(ExtensibilityGlobals) = postSolution
		SolutionGuid = {4A687176-1D64-447A-8F83-09B9A777C37C}
	EndGlobalSection
EndGlobal
